
Microsoft Visual Studio Solution File, Format Version 12.00
# Visual Studio Version 17
VisualStudioVersion = 17.5.2.0
MinimumVisualStudioVersion = 10.0.40219.1
Project("{FAE04EC0-301F-11D3-BF4B-00C04F79EFBC}") = "Inventario.Core", "Inventario.Core\Inventario.Core.csproj", "{FDAF834E-30AF-3B43-0B65-FC84D5C3B8B8}"
EndProject
Project("{FAE04EC0-301F-11D3-BF4B-00C04F79EFBC}") = "Inventario.Api", "Inventario.Api\Inventario.Api.csproj", "{21C0AB41-CCAD-4887-B8D9-AED08A9AE7EF}"
EndProject
Project("{FAE04EC0-301F-11D3-BF4B-00C04F79EFBC}") = "Inventario.Test", "Inventario.Test\Inventario.Test.csproj", "{5F0529D5-7463-45F1-8DB7-FF94B6519417}"
EndProject
Global
	GlobalSection(SolutionConfigurationPlatforms) = preSolution
		Debug|Any CPU = Debug|Any CPU
		Debug|x64 = Debug|x64
		Debug|x86 = Debug|x86
		Release|Any CPU = Release|Any CPU
		Release|x64 = Release|x64
		Release|x86 = Release|x86
	EndGlobalSection
	GlobalSection(ProjectConfigurationPlatforms) = postSolution
		{FDAF834E-30AF-3B43-0B65-FC84D5C3B8B8}.Debug|Any CPU.ActiveCfg = Debug|Any CPU
		{FDAF834E-30AF-3B43-0B65-FC84D5C3B8B8}.Debug|Any CPU.Build.0 = Debug|Any CPU
		{FDAF834E-30AF-3B43-0B65-FC84D5C3B8B8}.Debug|x64.ActiveCfg = Debug|Any CPU
		{FDAF834E-30AF-3B43-0B65-FC84D5C3B8B8}.Debug|x64.Build.0 = Debug|Any CPU
		{FDAF834E-30AF-3B43-0B65-FC84D5C3B8B8}.Debug|x86.ActiveCfg = Debug|Any CPU
		{FDAF834E-30AF-3B43-0B65-FC84D5C3B8B8}.Debug|x86.Build.0 = Debug|Any CPU
		{FDAF834E-30AF-3B43-0B65-FC84D5C3B8B8}.Release|Any CPU.ActiveCfg = Release|Any CPU
		{FDAF834E-30AF-3B43-0B65-FC84D5C3B8B8}.Release|Any CPU.Build.0 = Release|Any CPU
		{FDAF834E-30AF-3B43-0B65-FC84D5C3B8B8}.Release|x64.ActiveCfg = Release|Any CPU
		{FDAF834E-30AF-3B43-0B65-FC84D5C3B8B8}.Release|x64.Build.0 = Release|Any CPU
		{FDAF834E-30AF-3B43-0B65-FC84D5C3B8B8}.Release|x86.ActiveCfg = Release|Any CPU
		{FDAF834E-30AF-3B43-0B65-FC84D5C3B8B8}.Release|x86.Build.0 = Release|Any CPU
		{21C0AB41-CCAD-4887-B8D9-AED08A9AE7EF}.Debug|Any CPU.ActiveCfg = Debug|Any CPU
		{21C0AB41-CCAD-4887-B8D9-AED08A9AE7EF}.Debug|Any CPU.Build.0 = Debug|Any CPU
		{21C0AB41-CCAD-4887-B8D9-AED08A9AE7EF}.Debug|x64.ActiveCfg = Debug|Any CPU
		{21C0AB41-CCAD-4887-B8D9-AED08A9AE7EF}.Debug|x64.Build.0 = Debug|Any CPU
		{21C0AB41-CCAD-4887-B8D9-AED08A9AE7EF}.Debug|x86.ActiveCfg = Debug|Any CPU
		{21C0AB41-CCAD-4887-B8D9-AED08A9AE7EF}.Debug|x86.Build.0 = Debug|Any CPU
		{21C0AB41-CCAD-4887-B8D9-AED08A9AE7EF}.Release|Any CPU.ActiveCfg = Release|Any CPU
		{21C0AB41-CCAD-4887-B8D9-AED08A9AE7EF}.Release|Any CPU.Build.0 = Release|Any CPU
		{21C0AB41-CCAD-4887-B8D9-AED08A9AE7EF}.Release|x64.ActiveCfg = Release|Any CPU
		{21C0AB41-CCAD-4887-B8D9-AED08A9AE7EF}.Release|x64.Build.0 = Release|Any CPU
		{21C0AB41-CCAD-4887-B8D9-AED08A9AE7EF}.Release|x86.ActiveCfg = Release|Any CPU
		{21C0AB41-CCAD-4887-B8D9-AED08A9AE7EF}.Release|x86.Build.0 = Release|Any CPU
		{5F0529D5-7463-45F1-8DB7-FF94B6519417}.Debug|Any CPU.ActiveCfg = Debug|Any CPU
		{5F0529D5-7463-45F1-8DB7-FF94B6519417}.Debug|Any CPU.Build.0 = Debug|Any CPU
		{5F0529D5-7463-45F1-8DB7-FF94B6519417}.Debug|x64.ActiveCfg = Debug|Any CPU
		{5F0529D5-7463-45F1-8DB7-FF94B6519417}.Debug|x64.Build.0 = Debug|Any CPU
		{5F0529D5-7463-45F1-8DB7-FF94B6519417}.Debug|x86.ActiveCfg = Debug|Any CPU
		{5F0529D5-7463-45F1-8DB7-FF94B6519417}.Debug|x86.Build.0 = Debug|Any CPU
		{5F0529D5-7463-45F1-8DB7-FF94B6519417}.Release|Any CPU.ActiveCfg = Release|Any CPU
		{5F0529D5-7463-45F1-8DB7-FF94B6519417}.Release|Any CPU.Build.0 = Release|Any CPU
		{5F0529D5-7463-45F1-8DB7-FF94B6519417}.Release|x64.ActiveCfg = Release|Any CPU
		{5F0529D5-7463-45F1-8DB7-FF94B6519417}.Release|x64.Build.0 = Release|Any CPU
		{5F0529D5-7463-45F1-8DB7-FF94B6519417}.Release|x86.ActiveCfg = Release|Any CPU
		{5F0529D5-7463-45F1-8DB7-FF94B6519417}.Release|x86.Build.0 = Release|Any CPU
	EndGlobalSection
	GlobalSection(SolutionProperties) = preSolution
		HideSolutionNode = FALSE
	EndGlobalSection
	GlobalSection(ExtensibilityGlobals) = postSolution
		SolutionGuid = {410DF70A-2DE5-4BA5-A8BF-31EA3A6C4E00}
	EndGlobalSection
EndGlobal
